
Microsoft Visual Studio Solution File, Format Version 12.00
# Visual Studio Version 16
VisualStudioVersion = 16.0.30011.22
MinimumVisualStudioVersion = 10.0.40219.1
Project("{FAE04EC0-301F-11D3-BF4B-00C04F79EFBC}") = "MediaLibraryDAL", "MediaLibraryDAL\MediaLibraryDAL.csproj", "{15905C13-FAA9-4FE5-B6A0-359EB83CD9E3}"
EndProject
Project("{00D1A9C2-B5F0-4AF3-8072-F6C62B433612}") = "MediaLibraryDB", "MediaLibraryDB\MediaLibraryDB.sqlproj", "{2DE251E5-1A58-4003-85F0-2C2F5739E436}"
EndProject
Project("{FAE04EC0-301F-11D3-BF4B-00C04F79EFBC}") = "MediaLibraryWebUI", "MediaLibraryWebUI\MediaLibraryWebUI.csproj", "{52918049-D1A3-4610-BFD2-4A3A1084D0E8}"
EndProject
Project("{FAE04EC0-301F-11D3-BF4B-00C04F79EFBC}") = "MediaLibraryBLL", "MediaLibraryBLL\MediaLibraryBLL.csproj", "{E38C9EB6-EBBD-404A-9BF3-F2143A132B9D}"
EndProject
Project("{FAE04EC0-301F-11D3-BF4B-00C04F79EFBC}") = "MediaLibraryConsole", "MediaLibraryConsole\MediaLibraryConsole.csproj", "{43BD1230-BF8C-40CF-B7E4-0BE261E41894}"
EndProject
Project("{FAE04EC0-301F-11D3-BF4B-00C04F79EFBC}") = "MediaLibraryMobile.Android", "MediaLibraryMobile\MediaLibraryMobile.Android\MediaLibraryMobile.Android.csproj", "{9598EF48-5AF0-48D6-A326-8EE730D7F370}"
EndProject
Project("{FAE04EC0-301F-11D3-BF4B-00C04F79EFBC}") = "MediaLibraryMobile", "MediaLibraryMobile\MediaLibraryMobile\MediaLibraryMobile.csproj", "{DC7AC459-5F9D-4513-A3FF-5958EABBC98E}"
EndProject
Global
	GlobalSection(SolutionConfigurationPlatforms) = preSolution
		Debug|Any CPU = Debug|Any CPU
		DEV|Any CPU = DEV|Any CPU
		Release|Any CPU = Release|Any CPU
	EndGlobalSection
	GlobalSection(ProjectConfigurationPlatforms) = postSolution
		{15905C13-FAA9-4FE5-B6A0-359EB83CD9E3}.Debug|Any CPU.ActiveCfg = Debug|Any CPU
		{15905C13-FAA9-4FE5-B6A0-359EB83CD9E3}.Debug|Any CPU.Build.0 = Debug|Any CPU
		{15905C13-FAA9-4FE5-B6A0-359EB83CD9E3}.DEV|Any CPU.ActiveCfg = DEV|Any CPU
		{15905C13-FAA9-4FE5-B6A0-359EB83CD9E3}.DEV|Any CPU.Build.0 = DEV|Any CPU
		{15905C13-FAA9-4FE5-B6A0-359EB83CD9E3}.Release|Any CPU.ActiveCfg = Release|Any CPU
		{15905C13-FAA9-4FE5-B6A0-359EB83CD9E3}.Release|Any CPU.Build.0 = Release|Any CPU
		{2DE251E5-1A58-4003-85F0-2C2F5739E436}.Debug|Any CPU.ActiveCfg = Debug|Any CPU
		{2DE251E5-1A58-4003-85F0-2C2F5739E436}.DEV|Any CPU.ActiveCfg = DEV|Any CPU
		{2DE251E5-1A58-4003-85F0-2C2F5739E436}.DEV|Any CPU.Deploy.0 = DEV|Any CPU
		{2DE251E5-1A58-4003-85F0-2C2F5739E436}.Release|Any CPU.ActiveCfg = Release|Any CPU
		{52918049-D1A3-4610-BFD2-4A3A1084D0E8}.Debug|Any CPU.ActiveCfg = Debug|Any CPU
		{52918049-D1A3-4610-BFD2-4A3A1084D0E8}.Debug|Any CPU.Build.0 = Debug|Any CPU
		{52918049-D1A3-4610-BFD2-4A3A1084D0E8}.DEV|Any CPU.ActiveCfg = DEV|Any CPU
		{52918049-D1A3-4610-BFD2-4A3A1084D0E8}.DEV|Any CPU.Build.0 = DEV|Any CPU
		{52918049-D1A3-4610-BFD2-4A3A1084D0E8}.Release|Any CPU.ActiveCfg = Release|Any CPU
		{52918049-D1A3-4610-BFD2-4A3A1084D0E8}.Release|Any CPU.Build.0 = Release|Any CPU
		{E38C9EB6-EBBD-404A-9BF3-F2143A132B9D}.Debug|Any CPU.ActiveCfg = Debug|Any CPU
		{E38C9EB6-EBBD-404A-9BF3-F2143A132B9D}.Debug|Any CPU.Build.0 = Debug|Any CPU
		{E38C9EB6-EBBD-404A-9BF3-F2143A132B9D}.DEV|Any CPU.ActiveCfg = DEV|Any CPU
		{E38C9EB6-EBBD-404A-9BF3-F2143A132B9D}.DEV|Any CPU.Build.0 = DEV|Any CPU
		{E38C9EB6-EBBD-404A-9BF3-F2143A132B9D}.Release|Any CPU.ActiveCfg = Release|Any CPU
		{E38C9EB6-EBBD-404A-9BF3-F2143A132B9D}.Release|Any CPU.Build.0 = Release|Any CPU
		{43BD1230-BF8C-40CF-B7E4-0BE261E41894}.Debug|Any CPU.ActiveCfg = Debug|Any CPU
		{43BD1230-BF8C-40CF-B7E4-0BE261E41894}.Debug|Any CPU.Build.0 = Debug|Any CPU
		{43BD1230-BF8C-40CF-B7E4-0BE261E41894}.DEV|Any CPU.ActiveCfg = DEV|Any CPU
		{43BD1230-BF8C-40CF-B7E4-0BE261E41894}.DEV|Any CPU.Build.0 = DEV|Any CPU
		{43BD1230-BF8C-40CF-B7E4-0BE261E41894}.Release|Any CPU.ActiveCfg = Release|Any CPU
		{43BD1230-BF8C-40CF-B7E4-0BE261E41894}.Release|Any CPU.Build.0 = Release|Any CPU
		{9598EF48-5AF0-48D6-A326-8EE730D7F370}.Debug|Any CPU.ActiveCfg = Debug|Any CPU
		{9598EF48-5AF0-48D6-A326-8EE730D7F370}.Debug|Any CPU.Build.0 = Debug|Any CPU
		{9598EF48-5AF0-48D6-A326-8EE730D7F370}.Debug|Any CPU.Deploy.0 = Debug|Any CPU
		{9598EF48-5AF0-48D6-A326-8EE730D7F370}.DEV|Any CPU.ActiveCfg = Debug|Any CPU
		{9598EF48-5AF0-48D6-A326-8EE730D7F370}.DEV|Any CPU.Build.0 = Debug|Any CPU
		{9598EF48-5AF0-48D6-A326-8EE730D7F370}.DEV|Any CPU.Deploy.0 = Debug|Any CPU
		{9598EF48-5AF0-48D6-A326-8EE730D7F370}.Release|Any CPU.ActiveCfg = Release|Any CPU
		{9598EF48-5AF0-48D6-A326-8EE730D7F370}.Release|Any CPU.Build.0 = Release|Any CPU
		{9598EF48-5AF0-48D6-A326-8EE730D7F370}.Release|Any CPU.Deploy.0 = Release|Any CPU
		{DC7AC459-5F9D-4513-A3FF-5958EABBC98E}.Debug|Any CPU.ActiveCfg = Debug|Any CPU
		{DC7AC459-5F9D-4513-A3FF-5958EABBC98E}.Debug|Any CPU.Build.0 = Debug|Any CPU
		{DC7AC459-5F9D-4513-A3FF-5958EABBC98E}.DEV|Any CPU.ActiveCfg = Debug|Any CPU
		{DC7AC459-5F9D-4513-A3FF-5958EABBC98E}.DEV|Any CPU.Build.0 = Debug|Any CPU
		{DC7AC459-5F9D-4513-A3FF-5958EABBC98E}.Release|Any CPU.ActiveCfg = Release|Any CPU
		{DC7AC459-5F9D-4513-A3FF-5958EABBC98E}.Release|Any CPU.Build.0 = Release|Any CPU
	EndGlobalSection
	GlobalSection(SolutionProperties) = preSolution
		HideSolutionNode = FALSE
	EndGlobalSection
	GlobalSection(ExtensibilityGlobals) = postSolution
		SolutionGuid = {80F35DA4-F124-4B3C-8F87-F0BBECDE0DA1}
	EndGlobalSection
EndGlobal
